{
  "name": "dapp",
  "lockfileVersion": 2,
  "requires": true,
  "packages": {
    "": {
      "dependencies": {
        "taos": "^1.0.3"
      }
    },
    "node_modules/taos": {
      "version": "1.0.3",
      "resolved": "https://registry.npmjs.org/taos/-/taos-1.0.3.tgz",
      "integrity": "sha512-+XerePzOoIBCPOFdUok7raniqXHZevaBDEv7y2Zi1RkDe7L/EmRzXuH0ufomP4d0VTJQIsn/Ow0hBItjOcQI0A=="
    }
  },
  "dependencies": {
    "taos": {
      "version": "1.0.3",
      "resolved": "https://registry.npmjs.org/taos/-/taos-1.0.3.tgz",
      "integrity": "sha512-+XerePzOoIBCPOFdUok7raniqXHZevaBDEv7y2Zi1RkDe7L/EmRzXuH0ufomP4d0VTJQIsn/Ow0hBItjOcQI0A=="
    }
  }
}
